{
  "name": "truffle",
  "version": "1.0.0",
  "lockfileVersion": 2,
  "requires": true,
  "packages": {
    "": {
      "name": "truffle",
      "version": "1.0.0",
      "license": "ISC",
      "dependencies": {
        "@openzeppelin/contracts": "^4.3.1",
        "error-ex": "github:Qix-/node-error-ex"
      }
    },
    "node_modules/@openzeppelin/contracts": {
      "version": "4.3.1",
      "resolved": "https://registry.npmjs.org/@openzeppelin/contracts/-/contracts-4.3.1.tgz",
      "integrity": "sha512-QjgbPPlmDK2clK1hzjw2ROfY8KA5q+PfhDUUxZFEBCZP9fi6d5FuNoh/Uq0oCTMEKPmue69vhX2jcl0N/tFKGw=="
    },
    "node_modules/error-ex": {
      "version": "1.3.2",
      "resolved": "git+ssh://git@github.com/Qix-/node-error-ex.git#0fa2d9fd083462383998b961f8edd3b6a00a2a21",
      "license": "MIT",
      "dependencies": {
        "is-arrayish": "^0.2.1"
      }
    },
    "node_modules/is-arrayish": {
      "version": "0.2.1",
      "resolved": "https://registry.npmjs.org/is-arrayish/-/is-arrayish-0.2.1.tgz",
      "integrity": "sha1-d8mYQFJ6qOyxqLppe4BkWnqSap0="
    }
  },
  "dependencies": {
    "@openzeppelin/contracts": {
      "version": "4.3.1",
      "resolved": "https://registry.npmjs.org/@openzeppelin/contracts/-/contracts-4.3.1.tgz",
      "integrity": "sha512-QjgbPPlmDK2clK1hzjw2ROfY8KA5q+PfhDUUxZFEBCZP9fi6d5FuNoh/Uq0oCTMEKPmue69vhX2jcl0N/tFKGw=="
    },
    "error-ex": {
      "version": "git+ssh://git@github.com/Qix-/node-error-ex.git#0fa2d9fd083462383998b961f8edd3b6a00a2a21",
      "from": "error-ex@github:Qix-/node-error-ex",
      "requires": {
        "is-arrayish": "^0.2.1"
      }
    },
    "is-arrayish": {
      "version": "0.2.1",
      "resolved": "https://registry.npmjs.org/is-arrayish/-/is-arrayish-0.2.1.tgz",
      "integrity": "sha1-d8mYQFJ6qOyxqLppe4BkWnqSap0="
    }
  }
}
